
Microsoft Visual Studio Solution File, Format Version 12.00
# Visual Studio Version 16
VisualStudioVersion = 16.0.35229.62
MinimumVisualStudioVersion = 10.0.40219.1
Project("{FAE04EC0-301F-11D3-BF4B-00C04F79EFBC}") = "Memo", "Memo\Memo.csproj", "{BB6D554B-0DA1-4C72-98C0-9CF19C43993A}"
EndProject
Global
	GlobalSection(SolutionConfigurationPlatforms) = preSolution
		Debug|Any CPU = Debug|Any CPU
		Release|Any CPU = Release|Any CPU
	EndGlobalSection
	GlobalSection(ProjectConfigurationPlatforms) = postSolution
		{BB6D554B-0DA1-4C72-98C0-9CF19C43993A}.Debug|Any CPU.ActiveCfg = Debug|Any CPU
		{BB6D554B-0DA1-4C72-98C0-9CF19C43993A}.Debug|Any CPU.Build.0 = Debug|Any CPU
		{BB6D554B-0DA1-4C72-98C0-9CF19C43993A}.Release|Any CPU.ActiveCfg = Release|Any CPU
		{BB6D554B-0DA1-4C72-98C0-9CF19C43993A}.Release|Any CPU.Build.0 = Release|Any CPU
	EndGlobalSection
	GlobalSection(SolutionProperties) = preSolution
		HideSolutionNode = FALSE
	EndGlobalSection
	GlobalSection(ExtensibilityGlobals) = postSolution
		SolutionGuid = {4B481975-A2A4-4D2D-8477-91484FE5BBBE}
	EndGlobalSection
EndGlobal
